
Microsoft Visual Studio Solution File, Format Version 12.00
# Visual Studio 15
VisualStudioVersion = 15.0.27004.2006
MinimumVisualStudioVersion = 10.0.40219.1
Project("{FAE04EC0-301F-11D3-BF4B-00C04F79EFBC}") = "polumorfism", "polumorfism\polumorfism.csproj", "{0065244F-8886-454F-83A9-AE72A0872D2B}"
EndProject
Project("{FAE04EC0-301F-11D3-BF4B-00C04F79EFBC}") = "program", "program\program.csproj", "{8181FAD4-FFE1-482E-9A40-28121FED5E7D}"
EndProject
Project("{FAE04EC0-301F-11D3-BF4B-00C04F79EFBC}") = "Staatiline", "Staatiline\Staatiline.csproj", "{73BC1AEF-320F-4AEB-9C5F-1F58E94151F1}"
EndProject
Global
	GlobalSection(SolutionConfigurationPlatforms) = preSolution
		Debug|Any CPU = Debug|Any CPU
		Release|Any CPU = Release|Any CPU
	EndGlobalSection
	GlobalSection(ProjectConfigurationPlatforms) = postSolution
		{0065244F-8886-454F-83A9-AE72A0872D2B}.Debug|Any CPU.ActiveCfg = Debug|Any CPU
		{0065244F-8886-454F-83A9-AE72A0872D2B}.Debug|Any CPU.Build.0 = Debug|Any CPU
		{0065244F-8886-454F-83A9-AE72A0872D2B}.Release|Any CPU.ActiveCfg = Release|Any CPU
		{0065244F-8886-454F-83A9-AE72A0872D2B}.Release|Any CPU.Build.0 = Release|Any CPU
		{8181FAD4-FFE1-482E-9A40-28121FED5E7D}.Debug|Any CPU.ActiveCfg = Debug|Any CPU
		{8181FAD4-FFE1-482E-9A40-28121FED5E7D}.Debug|Any CPU.Build.0 = Debug|Any CPU
		{8181FAD4-FFE1-482E-9A40-28121FED5E7D}.Release|Any CPU.ActiveCfg = Release|Any CPU
		{8181FAD4-FFE1-482E-9A40-28121FED5E7D}.Release|Any CPU.Build.0 = Release|Any CPU
		{73BC1AEF-320F-4AEB-9C5F-1F58E94151F1}.Debug|Any CPU.ActiveCfg = Debug|Any CPU
		{73BC1AEF-320F-4AEB-9C5F-1F58E94151F1}.Debug|Any CPU.Build.0 = Debug|Any CPU
		{73BC1AEF-320F-4AEB-9C5F-1F58E94151F1}.Release|Any CPU.ActiveCfg = Release|Any CPU
		{73BC1AEF-320F-4AEB-9C5F-1F58E94151F1}.Release|Any CPU.Build.0 = Release|Any CPU
	EndGlobalSection
	GlobalSection(SolutionProperties) = preSolution
		HideSolutionNode = FALSE
	EndGlobalSection
	GlobalSection(ExtensibilityGlobals) = postSolution
		SolutionGuid = {69026BE6-2DB8-4A5D-9041-E5FF1EF7E352}
	EndGlobalSection
EndGlobal
